
Microsoft Visual Studio Solution File, Format Version 12.00
# Visual Studio Version 17
VisualStudioVersion = 17.14.36511.14 d17.14
MinimumVisualStudioVersion = 10.0.40219.1
Project("{FAE04EC0-301F-11D3-BF4B-00C04F79EFBC}") = "yaica", "yaica.csproj", "{C0EE6A8B-511E-4708-AE22-0B5A4C317782}"
EndProject
Global
	GlobalSection(SolutionConfigurationPlatforms) = preSolution
		Debug|Any CPU = Debug|Any CPU
		Release|Any CPU = Release|Any CPU
	EndGlobalSection
	GlobalSection(ProjectConfigurationPlatforms) = postSolution
		{C0EE6A8B-511E-4708-AE22-0B5A4C317782}.Debug|Any CPU.ActiveCfg = Debug|Any CPU
		{C0EE6A8B-511E-4708-AE22-0B5A4C317782}.Debug|Any CPU.Build.0 = Debug|Any CPU
		{C0EE6A8B-511E-4708-AE22-0B5A4C317782}.Release|Any CPU.ActiveCfg = Release|Any CPU
		{C0EE6A8B-511E-4708-AE22-0B5A4C317782}.Release|Any CPU.Build.0 = Release|Any CPU
	EndGlobalSection
	GlobalSection(SolutionProperties) = preSolution
		HideSolutionNode = FALSE
	EndGlobalSection
	GlobalSection(ExtensibilityGlobals) = postSolution
		SolutionGuid = {6908E54E-CBF3-4F53-B08D-3B496F22EA46}
	EndGlobalSection
EndGlobal
